
Microsoft Visual Studio Solution File, Format Version 12.00
# Visual Studio 14
VisualStudioVersion = 14.0.25420.1
MinimumVisualStudioVersion = 10.0.40219.1
Project("{FAE04EC0-301F-11D3-BF4B-00C04F79EFBC}") = "DAL", "DAL\DAL.csproj", "{91505CF2-9EFE-4DC9-802C-BAC2414C0CAF}"
EndProject
Project("{FAE04EC0-301F-11D3-BF4B-00C04F79EFBC}") = "Autentization", "Autentization\Autentization.csproj", "{86EFC6AC-9102-4439-991B-EB50A00951B9}"
EndProject
Project("{FAE04EC0-301F-11D3-BF4B-00C04F79EFBC}") = "Riganti.Utils.Infrastructure.Core", "Riganti.Utils.Infrastructure.Core\Riganti.Utils.Infrastructure.Core.csproj", "{EBA57E7A-0552-4B0A-BF69-BD27CCE9F608}"
EndProject
Project("{FAE04EC0-301F-11D3-BF4B-00C04F79EFBC}") = "Riganti.Utils.Infrastructure.EntityFramework", "Riganti.Utils.Infrastructure.EntityFramework\Riganti.Utils.Infrastructure.EntityFramework.csproj", "{DA0AB05C-4934-43CE-BC53-3BEB9FD8BFE3}"
EndProject
Project("{FAE04EC0-301F-11D3-BF4B-00C04F79EFBC}") = "BL", "BL\BL.csproj", "{50AD13E4-F880-4EF5-9F18-E4BD85897713}"
EndProject
Project("{FAE04EC0-301F-11D3-BF4B-00C04F79EFBC}") = "TestingApp", "TestingApp\TestingApp.csproj", "{7ABC8DF1-7C7B-4479-8AF7-992FE2E6C51D}"
EndProject
Project("{FAE04EC0-301F-11D3-BF4B-00C04F79EFBC}") = "API", "API\API.csproj", "{24974C54-3F4B-4457-A95E-BBDCA75A184F}"
EndProject
Project("{FAE04EC0-301F-11D3-BF4B-00C04F79EFBC}") = "PL", "PL\PL.csproj", "{08B0DBAF-A77E-4AC9-81BB-831CAAC65012}"
EndProject
Global
	GlobalSection(SolutionConfigurationPlatforms) = preSolution
		Debug|Any CPU = Debug|Any CPU
		Release|Any CPU = Release|Any CPU
	EndGlobalSection
	GlobalSection(ProjectConfigurationPlatforms) = postSolution
		{91505CF2-9EFE-4DC9-802C-BAC2414C0CAF}.Debug|Any CPU.ActiveCfg = Debug|Any CPU
		{91505CF2-9EFE-4DC9-802C-BAC2414C0CAF}.Debug|Any CPU.Build.0 = Debug|Any CPU
		{91505CF2-9EFE-4DC9-802C-BAC2414C0CAF}.Release|Any CPU.ActiveCfg = Release|Any CPU
		{91505CF2-9EFE-4DC9-802C-BAC2414C0CAF}.Release|Any CPU.Build.0 = Release|Any CPU
		{86EFC6AC-9102-4439-991B-EB50A00951B9}.Debug|Any CPU.ActiveCfg = Debug|Any CPU
		{86EFC6AC-9102-4439-991B-EB50A00951B9}.Debug|Any CPU.Build.0 = Debug|Any CPU
		{86EFC6AC-9102-4439-991B-EB50A00951B9}.Release|Any CPU.ActiveCfg = Release|Any CPU
		{86EFC6AC-9102-4439-991B-EB50A00951B9}.Release|Any CPU.Build.0 = Release|Any CPU
		{EBA57E7A-0552-4B0A-BF69-BD27CCE9F608}.Debug|Any CPU.ActiveCfg = Debug|Any CPU
		{EBA57E7A-0552-4B0A-BF69-BD27CCE9F608}.Debug|Any CPU.Build.0 = Debug|Any CPU
		{EBA57E7A-0552-4B0A-BF69-BD27CCE9F608}.Release|Any CPU.ActiveCfg = Release|Any CPU
		{EBA57E7A-0552-4B0A-BF69-BD27CCE9F608}.Release|Any CPU.Build.0 = Release|Any CPU
		{DA0AB05C-4934-43CE-BC53-3BEB9FD8BFE3}.Debug|Any CPU.ActiveCfg = Debug|Any CPU
		{DA0AB05C-4934-43CE-BC53-3BEB9FD8BFE3}.Debug|Any CPU.Build.0 = Debug|Any CPU
		{DA0AB05C-4934-43CE-BC53-3BEB9FD8BFE3}.Release|Any CPU.ActiveCfg = Release|Any CPU
		{DA0AB05C-4934-43CE-BC53-3BEB9FD8BFE3}.Release|Any CPU.Build.0 = Release|Any CPU
		{50AD13E4-F880-4EF5-9F18-E4BD85897713}.Debug|Any CPU.ActiveCfg = Debug|Any CPU
		{50AD13E4-F880-4EF5-9F18-E4BD85897713}.Debug|Any CPU.Build.0 = Debug|Any CPU
		{50AD13E4-F880-4EF5-9F18-E4BD85897713}.Release|Any CPU.ActiveCfg = Release|Any CPU
		{50AD13E4-F880-4EF5-9F18-E4BD85897713}.Release|Any CPU.Build.0 = Release|Any CPU
		{7ABC8DF1-7C7B-4479-8AF7-992FE2E6C51D}.Debug|Any CPU.ActiveCfg = Debug|Any CPU
		{7ABC8DF1-7C7B-4479-8AF7-992FE2E6C51D}.Debug|Any CPU.Build.0 = Debug|Any CPU
		{7ABC8DF1-7C7B-4479-8AF7-992FE2E6C51D}.Release|Any CPU.ActiveCfg = Release|Any CPU
		{7ABC8DF1-7C7B-4479-8AF7-992FE2E6C51D}.Release|Any CPU.Build.0 = Release|Any CPU
		{24974C54-3F4B-4457-A95E-BBDCA75A184F}.Debug|Any CPU.ActiveCfg = Debug|Any CPU
		{24974C54-3F4B-4457-A95E-BBDCA75A184F}.Debug|Any CPU.Build.0 = Debug|Any CPU
		{24974C54-3F4B-4457-A95E-BBDCA75A184F}.Release|Any CPU.ActiveCfg = Release|Any CPU
		{24974C54-3F4B-4457-A95E-BBDCA75A184F}.Release|Any CPU.Build.0 = Release|Any CPU
		{08B0DBAF-A77E-4AC9-81BB-831CAAC65012}.Debug|Any CPU.ActiveCfg = Debug|Any CPU
		{08B0DBAF-A77E-4AC9-81BB-831CAAC65012}.Debug|Any CPU.Build.0 = Debug|Any CPU
		{08B0DBAF-A77E-4AC9-81BB-831CAAC65012}.Release|Any CPU.ActiveCfg = Release|Any CPU
		{08B0DBAF-A77E-4AC9-81BB-831CAAC65012}.Release|Any CPU.Build.0 = Release|Any CPU
	EndGlobalSection
	GlobalSection(SolutionProperties) = preSolution
		HideSolutionNode = FALSE
	EndGlobalSection
	GlobalSection(TeamFoundationVersionControl) = preSolution
		SccNumberOfProjects = 9
		SccEnterpriseProvider = {4CA58AB2-18FA-4F8D-95D4-32DDF27D184C}
		SccTeamFoundationServer = https://lessonpv226.visualstudio.com/
		SccLocalPath0 = .
		SccProjectUniqueName1 = DAL\\DAL.csproj
		SccProjectName1 = DAL
		SccLocalPath1 = DAL
		SccProjectUniqueName2 = Autentization\\Autentization.csproj
		SccProjectName2 = Autentization
		SccLocalPath2 = Autentization
		SccProjectUniqueName3 = Riganti.Utils.Infrastructure.Core\\Riganti.Utils.Infrastructure.Core.csproj
		SccProjectName3 = Riganti.Utils.Infrastructure.Core
		SccLocalPath3 = Riganti.Utils.Infrastructure.Core
		SccProjectUniqueName4 = Riganti.Utils.Infrastructure.EntityFramework\\Riganti.Utils.Infrastructure.EntityFramework.csproj
		SccProjectName4 = Riganti.Utils.Infrastructure.EntityFramework
		SccLocalPath4 = Riganti.Utils.Infrastructure.EntityFramework
		SccProjectUniqueName5 = BL\\BL.csproj
		SccProjectName5 = BL
		SccLocalPath5 = BL
		SccProjectUniqueName6 = TestingApp\\TestingApp.csproj
		SccProjectName6 = TestingApp
		SccLocalPath6 = TestingApp
		SccProjectUniqueName7 = API\\API.csproj
		SccProjectName7 = API
		SccLocalPath7 = API
		SccProjectUniqueName8 = PL\\PL.csproj
		SccProjectName8 = PL
		SccLocalPath8 = PL
	EndGlobalSection
EndGlobal
